{
  "nodes": {
    "nixpkgs": {
      "locked": {
        "lastModified": 1748196731,
        "narHash": "sha256-l2eW2liHGve/N7Z+TA+e05exUDE9lMrBLhatpp3YIEw=",
        "owner": "NixOS",
        "repo": "nixpkgs",
        "rev": "97ff9116a363afd1b18e4e3453d1a7c2291ec513",
        "type": "github"
      },
      "original": {
        "owner": "NixOS",
        "ref": "master",
        "repo": "nixpkgs",
        "type": "github"
      }
    },
    "root": {
      "inputs": {
        "nixpkgs": "nixpkgs"
      }
    }
  },
  "root": "root",
  "version": 7
}
