{
  "nodes": {
    "nixpkgs": {
      "locked": {
        "lastModified": 1747159821,
        "narHash": "sha256-mtofnO0C2yXMjv/+4q2nAQ7Wp8DbjJMUh/29IZZAf9I=",
        "owner": "NixOS",
        "repo": "nixpkgs",
        "rev": "1eb7e60868f0311a083afc782f412c3092849f5f",
        "type": "github"
      },
      "original": {
        "owner": "NixOS",
        "ref": "master",
        "repo": "nixpkgs",
        "type": "github"
      }
    },
    "root": {
      "inputs": {
        "nixpkgs": "nixpkgs"
      }
    }
  },
  "root": "root",
  "version": 7
}
