{
  "nodes": {
    "nixpkgs": {
      "locked": {
        "lastModified": 1745757411,
        "narHash": "sha256-xJf4z+gGo4PYmLDGm8cl2DeC7kFv5qkk+ADjVVXK+1A=",
        "owner": "NixOS",
        "repo": "nixpkgs",
        "rev": "0b6410977b9a31df7d0a1953fd4f8f6713af5349",
        "type": "github"
      },
      "original": {
        "owner": "NixOS",
        "ref": "master",
        "repo": "nixpkgs",
        "type": "github"
      }
    },
    "root": {
      "inputs": {
        "nixpkgs": "nixpkgs"
      }
    }
  },
  "root": "root",
  "version": 7
}
